<?xml version="1.0" encoding="utf-8"?>
<Project ToolsVersion="4.0" xmlns="http://schemas.microsoft.com/developer/msbuild/2003">
  <ItemGroup>
    <Filter Include="リソース ファイル">
      <UniqueIdentifier>{67DA6AB6-F800-4c08-8B7A-83BB121AAD01}</UniqueIdentifier>
      <Extensions>rc;ico;cur;bmp;dlg;rc2;rct;bin;rgs;gif;jpg;jpeg;jpe;resx;tiff;tif;png;wav;mfcribbon-ms</Extensions>
    </Filter>
    <Filter Include="SourceFile">
      <UniqueIdentifier>{93a6390f-2bd4-4f7b-8fcc-6aa85d38ee02}</UniqueIdentifier>
    </Filter>
  </ItemGroup>
  <ItemGroup>
    <Text Include="ReadMe.txt" />
  </ItemGroup>
  <ItemGroup>
    <ClInclude Include="DelaunayViewer.h">
      <Filter>SourceFile</Filter>
    </ClInclude>
    <ClInclude Include="DelaunayViewerDlg.h">
      <Filter>SourceFile</Filter>
    </ClInclude>
    <ClInclude Include="Resource.h">
      <Filter>SourceFile</Filter>
    </ClInclude>
    <ClInclude Include="stdafx.h">
      <Filter>SourceFile</Filter>
    </ClInclude>
    <ClInclude Include="targetver.h">
      <Filter>SourceFile</Filter>
    </ClInclude>
  </ItemGroup>
  <ItemGroup>
    <ClCompile Include="DelaunayViewer.cpp">
      <Filter>SourceFile</Filter>
    </ClCompile>
    <ClCompile Include="DelaunayViewerDlg.cpp">
      <Filter>SourceFile</Filter>
    </ClCompile>
    <ClCompile Include="stdafx.cpp">
      <Filter>SourceFile</Filter>
    </ClCompile>
  </ItemGroup>
  <ItemGroup>
    <ResourceCompile Include="DelaunayViewer.rc">
      <Filter>リソース ファイル</Filter>
    </ResourceCompile>
  </ItemGroup>
  <ItemGroup>
    <None Include="res\DelaunayViewer.rc2">
      <Filter>リソース ファイル</Filter>
    </None>
  </ItemGroup>
  <ItemGroup>
    <Image Include="res\DelaunayViewer.ico">
      <Filter>リソース ファイル</Filter>
    </Image>
  </ItemGroup>
</Project>